
Microsoft Visual Studio Solution File, Format Version 12.00
# Visual Studio Version 16
VisualStudioVersion = 16.0.32630.194
MinimumVisualStudioVersion = 10.0.40219.1
Project("{FAE04EC0-301F-11D3-BF4B-00C04F79EFBC}") = "Custas_MercadoLivre", "Custas_MercadoLivre\Custas_MercadoLivre.csproj", "{7F0B8175-40BC-4D3C-ACD2-215581EA6977}"
EndProject
Project("{FAE04EC0-301F-11D3-BF4B-00C04F79EFBC}") = "BLL", "BLL\BLL.csproj", "{76D39AD6-263E-4303-9628-5347BB4FE344}"
EndProject
Global
	GlobalSection(SolutionConfigurationPlatforms) = preSolution
		Debug|Any CPU = Debug|Any CPU
		Release|Any CPU = Release|Any CPU
	EndGlobalSection
	GlobalSection(ProjectConfigurationPlatforms) = postSolution
		{7F0B8175-40BC-4D3C-ACD2-215581EA6977}.Debug|Any CPU.ActiveCfg = Debug|Any CPU
		{7F0B8175-40BC-4D3C-ACD2-215581EA6977}.Debug|Any CPU.Build.0 = Debug|Any CPU
		{7F0B8175-40BC-4D3C-ACD2-215581EA6977}.Release|Any CPU.ActiveCfg = Release|Any CPU
		{7F0B8175-40BC-4D3C-ACD2-215581EA6977}.Release|Any CPU.Build.0 = Release|Any CPU
		{76D39AD6-263E-4303-9628-5347BB4FE344}.Debug|Any CPU.ActiveCfg = Debug|Any CPU
		{76D39AD6-263E-4303-9628-5347BB4FE344}.Debug|Any CPU.Build.0 = Debug|Any CPU
		{76D39AD6-263E-4303-9628-5347BB4FE344}.Release|Any CPU.ActiveCfg = Release|Any CPU
		{76D39AD6-263E-4303-9628-5347BB4FE344}.Release|Any CPU.Build.0 = Release|Any CPU
	EndGlobalSection
	GlobalSection(SolutionProperties) = preSolution
		HideSolutionNode = FALSE
	EndGlobalSection
	GlobalSection(ExtensibilityGlobals) = postSolution
		SolutionGuid = {4761EAC8-3B86-4953-99C9-B7E9D408E1CC}
	EndGlobalSection
EndGlobal
